// !$*UTF8*$!
{
	archiveVersion = 1;
	classes = {
	};
	objectVersion = 46;
	objects = {

/* Begin PBXBuildFile section */
		2D4E22B405C74921F5BAA635 /* Pods_reKLineMe.framework in Frameworks */ = {isa = PBXBuildFile; fileRef = 0459C6FE0A023AF9B3905048 /* Pods_reKLineMe.framework */; };
		5A6327C11D5B723E003D9386 /* AppDelegate.swift in Sources */ = {isa = PBXBuildFile; fileRef = 5A6327C01D5B723E003D9386 /* AppDelegate.swift */; };
		5A6327C81D5B723E003D9386 /* Assets.xcassets in Resources */ = {isa = PBXBuildFile; fileRef = 5A6327C71D5B723E003D9386 /* Assets.xcassets */; };
		5A6327CB1D5B723E003D9386 /* LaunchScreen.storyboard in Resources */ = {isa = PBXBuildFile; fileRef = 5A6327C91D5B723E003D9386 /* LaunchScreen.storyboard */; };
		5A6327D61D5B723E003D9386 /* reKLineMeTests.swift in Sources */ = {isa = PBXBuildFile; fileRef = 5A6327D51D5B723E003D9386 /* reKLineMeTests.swift */; };
		5A6327E11D5B723E003D9386 /* reKLineMeUITests.swift in Sources */ = {isa = PBXBuildFile; fileRef = 5A6327E01D5B723E003D9386 /* reKLineMeUITests.swift */; };
		5A6327EF1D5B73CE003D9386 /* ZSeatSelector.swift in Sources */ = {isa = PBXBuildFile; fileRef = 5A6327EE1D5B73CE003D9386 /* ZSeatSelector.swift */; };
		5A6327F21D5B7465003D9386 /* WelcomeTourPageViewController.swift in Sources */ = {isa = PBXBuildFile; fileRef = 5A6327F11D5B7465003D9386 /* WelcomeTourPageViewController.swift */; };
		5A6327F41D5B747A003D9386 /* WelcomeContentViewController.swift in Sources */ = {isa = PBXBuildFile; fileRef = 5A6327F31D5B747A003D9386 /* WelcomeContentViewController.swift */; };
		5A6327F61D5B7500003D9386 /* AppDefaults.swift in Sources */ = {isa = PBXBuildFile; fileRef = 5A6327F51D5B7500003D9386 /* AppDefaults.swift */; };
		5A6328031D5B7597003D9386 /* UIColor.swift in Sources */ = {isa = PBXBuildFile; fileRef = 5A6327F91D5B7597003D9386 /* UIColor.swift */; };
		5A6328041D5B7597003D9386 /* UIImageView.swift in Sources */ = {isa = PBXBuildFile; fileRef = 5A6327FA1D5B7597003D9386 /* UIImageView.swift */; };
		5A6328051D5B7597003D9386 /* JSON.swift in Sources */ = {isa = PBXBuildFile; fileRef = 5A6327FB1D5B7597003D9386 /* JSON.swift */; };
		5A6328061D5B7597003D9386 /* Int.swift in Sources */ = {isa = PBXBuildFile; fileRef = 5A6327FC1D5B7597003D9386 /* Int.swift */; };
		5A6328071D5B7597003D9386 /* NSDate.swift in Sources */ = {isa = PBXBuildFile; fileRef = 5A6327FD1D5B7597003D9386 /* NSDate.swift */; };
		5A6328081D5B7597003D9386 /* NSURL.swift in Sources */ = {isa = PBXBuildFile; fileRef = 5A6327FE1D5B7597003D9386 /* NSURL.swift */; };
		5A6328091D5B7597003D9386 /* String.swift in Sources */ = {isa = PBXBuildFile; fileRef = 5A6327FF1D5B7597003D9386 /* String.swift */; };
		5A63280A1D5B7597003D9386 /* UIDevice.swift in Sources */ = {isa = PBXBuildFile; fileRef = 5A6328001D5B7597003D9386 /* UIDevice.swift */; };
		5A63280B1D5B7597003D9386 /* UIImage.swift in Sources */ = {isa = PBXBuildFile; fileRef = 5A6328011D5B7597003D9386 /* UIImage.swift */; };
		5A63280C1D5B7597003D9386 /* UIView.swift in Sources */ = {isa = PBXBuildFile; fileRef = 5A6328021D5B7597003D9386 /* UIView.swift */; };
		5A6328131D5B7677003D9386 /* LeftMenuController.swift in Sources */ = {isa = PBXBuildFile; fileRef = 5A63280F1D5B7677003D9386 /* LeftMenuController.swift */; };
		5A6328141D5B7677003D9386 /* SideViewController.swift in Sources */ = {isa = PBXBuildFile; fileRef = 5A6328101D5B7677003D9386 /* SideViewController.swift */; };
		5A6328151D5B7677003D9386 /* SideMenuViewController.swift in Sources */ = {isa = PBXBuildFile; fileRef = 5A6328111D5B7677003D9386 /* SideMenuViewController.swift */; };
		5A6328161D5B7677003D9386 /* MainNavigationController.swift in Sources */ = {isa = PBXBuildFile; fileRef = 5A6328121D5B7677003D9386 /* MainNavigationController.swift */; };
		5A6328181D5B76F6003D9386 /* NotImplementedYetController.swift in Sources */ = {isa = PBXBuildFile; fileRef = 5A6328171D5B76F6003D9386 /* NotImplementedYetController.swift */; };
		5A63281B1D5B7756003D9386 /* SelectSeatingViewController.swift in Sources */ = {isa = PBXBuildFile; fileRef = 5A63281A1D5B7756003D9386 /* SelectSeatingViewController.swift */; };
		5A63281D1D5B77FD003D9386 /* Main.storyboard in Resources */ = {isa = PBXBuildFile; fileRef = 5A63281C1D5B77FD003D9386 /* Main.storyboard */; };
/* End PBXBuildFile section */

/* Begin PBXContainerItemProxy section */
		5A6327D21D5B723E003D9386 /* PBXContainerItemProxy */ = {
			isa = PBXContainerItemProxy;
			containerPortal = 5A6327B51D5B723E003D9386 /* Project object */;
			proxyType = 1;
			remoteGlobalIDString = 5A6327BC1D5B723E003D9386;
			remoteInfo = reKLineMe;
		};
		5A6327DD1D5B723E003D9386 /* PBXContainerItemProxy */ = {
			isa = PBXContainerItemProxy;
			containerPortal = 5A6327B51D5B723E003D9386 /* Project object */;
			proxyType = 1;
			remoteGlobalIDString = 5A6327BC1D5B723E003D9386;
			remoteInfo = reKLineMe;
		};
/* End PBXContainerItemProxy section */

/* Begin PBXFileReference section */
		0459C6FE0A023AF9B3905048 /* Pods_reKLineMe.framework */ = {isa = PBXFileReference; explicitFileType = wrapper.framework; includeInIndex = 0; path = Pods_reKLineMe.framework; sourceTree = BUILT_PRODUCTS_DIR; };
		3B07EB09ADDCF208B785E380 /* Pods-reKLineMe.debug.xcconfig */ = {isa = PBXFileReference; includeInIndex = 1; lastKnownFileType = text.xcconfig; name = "Pods-reKLineMe.debug.xcconfig"; path = "Pods/Target Support Files/Pods-reKLineMe/Pods-reKLineMe.debug.xcconfig"; sourceTree = "<group>"; };
		3CF2102DC440DCFAACAE026F /* Pods-reKLineMe.release.xcconfig */ = {isa = PBXFileReference; includeInIndex = 1; lastKnownFileType = text.xcconfig; name = "Pods-reKLineMe.release.xcconfig"; path = "Pods/Target Support Files/Pods-reKLineMe/Pods-reKLineMe.release.xcconfig"; sourceTree = "<group>"; };
		5A6327BD1D5B723E003D9386 /* reKLineMe.app */ = {isa = PBXFileReference; explicitFileType = wrapper.application; includeInIndex = 0; path = reKLineMe.app; sourceTree = BUILT_PRODUCTS_DIR; };
		5A6327C01D5B723E003D9386 /* AppDelegate.swift */ = {isa = PBXFileReference; lastKnownFileType = sourcecode.swift; path = AppDelegate.swift; sourceTree = "<group>"; };
		5A6327C71D5B723E003D9386 /* Assets.xcassets */ = {isa = PBXFileReference; lastKnownFileType = folder.assetcatalog; path = Assets.xcassets; sourceTree = "<group>"; };
		5A6327CA1D5B723E003D9386 /* Base */ = {isa = PBXFileReference; lastKnownFileType = file.storyboard; name = Base; path = Base.lproj/LaunchScreen.storyboard; sourceTree = "<group>"; };
		5A6327CC1D5B723E003D9386 /* Info.plist */ = {isa = PBXFileReference; lastKnownFileType = text.plist.xml; path = Info.plist; sourceTree = "<group>"; };
		5A6327D11D5B723E003D9386 /* reKLineMeTests.xctest */ = {isa = PBXFileReference; explicitFileType = wrapper.cfbundle; includeInIndex = 0; path = reKLineMeTests.xctest; sourceTree = BUILT_PRODUCTS_DIR; };
		5A6327D51D5B723E003D9386 /* reKLineMeTests.swift */ = {isa = PBXFileReference; lastKnownFileType = sourcecode.swift; path = reKLineMeTests.swift; sourceTree = "<group>"; };
		5A6327D71D5B723E003D9386 /* Info.plist */ = {isa = PBXFileReference; lastKnownFileType = text.plist.xml; path = Info.plist; sourceTree = "<group>"; };
		5A6327DC1D5B723E003D9386 /* reKLineMeUITests.xctest */ = {isa = PBXFileReference; explicitFileType = wrapper.cfbundle; includeInIndex = 0; path = reKLineMeUITests.xctest; sourceTree = BUILT_PRODUCTS_DIR; };
		5A6327E01D5B723E003D9386 /* reKLineMeUITests.swift */ = {isa = PBXFileReference; lastKnownFileType = sourcecode.swift; path = reKLineMeUITests.swift; sourceTree = "<group>"; };
		5A6327E21D5B723E003D9386 /* Info.plist */ = {isa = PBXFileReference; lastKnownFileType = text.plist.xml; path = Info.plist; sourceTree = "<group>"; };
		5A6327EE1D5B73CE003D9386 /* ZSeatSelector.swift */ = {isa = PBXFileReference; fileEncoding = 4; lastKnownFileType = sourcecode.swift; path = ZSeatSelector.swift; sourceTree = "<group>"; };
		5A6327F11D5B7465003D9386 /* WelcomeTourPageViewController.swift */ = {isa = PBXFileReference; fileEncoding = 4; lastKnownFileType = sourcecode.swift; path = WelcomeTourPageViewController.swift; sourceTree = "<group>"; };
		5A6327F31D5B747A003D9386 /* WelcomeContentViewController.swift */ = {isa = PBXFileReference; fileEncoding = 4; lastKnownFileType = sourcecode.swift; path = WelcomeContentViewController.swift; sourceTree = "<group>"; };
		5A6327F51D5B7500003D9386 /* AppDefaults.swift */ = {isa = PBXFileReference; fileEncoding = 4; lastKnownFileType = sourcecode.swift; path = AppDefaults.swift; sourceTree = "<group>"; };
		5A6327F71D5B7533003D9386 /* bridgingHeader.h */ = {isa = PBXFileReference; lastKnownFileType = sourcecode.c.h; path = bridgingHeader.h; sourceTree = "<group>"; };
		5A6327F91D5B7597003D9386 /* UIColor.swift */ = {isa = PBXFileReference; fileEncoding = 4; lastKnownFileType = sourcecode.swift; path = UIColor.swift; sourceTree = "<group>"; };
		5A6327FA1D5B7597003D9386 /* UIImageView.swift */ = {isa = PBXFileReference; fileEncoding = 4; lastKnownFileType = sourcecode.swift; path = UIImageView.swift; sourceTree = "<group>"; };
		5A6327FB1D5B7597003D9386 /* JSON.swift */ = {isa = PBXFileReference; fileEncoding = 4; lastKnownFileType = sourcecode.swift; path = JSON.swift; sourceTree = "<group>"; };
		5A6327FC1D5B7597003D9386 /* Int.swift */ = {isa = PBXFileReference; fileEncoding = 4; lastKnownFileType = sourcecode.swift; path = Int.swift; sourceTree = "<group>"; };
		5A6327FD1D5B7597003D9386 /* NSDate.swift */ = {isa = PBXFileReference; fileEncoding = 4; lastKnownFileType = sourcecode.swift; path = NSDate.swift; sourceTree = "<group>"; };
		5A6327FE1D5B7597003D9386 /* NSURL.swift */ = {isa = PBXFileReference; fileEncoding = 4; lastKnownFileType = sourcecode.swift; path = NSURL.swift; sourceTree = "<group>"; };
		5A6327FF1D5B7597003D9386 /* String.swift */ = {isa = PBXFileReference; fileEncoding = 4; lastKnownFileType = sourcecode.swift; path = String.swift; sourceTree = "<group>"; };
		5A6328001D5B7597003D9386 /* UIDevice.swift */ = {isa = PBXFileReference; fileEncoding = 4; lastKnownFileType = sourcecode.swift; path = UIDevice.swift; sourceTree = "<group>"; };
		5A6328011D5B7597003D9386 /* UIImage.swift */ = {isa = PBXFileReference; fileEncoding = 4; lastKnownFileType = sourcecode.swift; path = UIImage.swift; sourceTree = "<group>"; };
		5A6328021D5B7597003D9386 /* UIView.swift */ = {isa = PBXFileReference; fileEncoding = 4; lastKnownFileType = sourcecode.swift; path = UIView.swift; sourceTree = "<group>"; };
		5A63280F1D5B7677003D9386 /* LeftMenuController.swift */ = {isa = PBXFileReference; fileEncoding = 4; lastKnownFileType = sourcecode.swift; path = LeftMenuController.swift; sourceTree = "<group>"; };
		5A6328101D5B7677003D9386 /* SideViewController.swift */ = {isa = PBXFileReference; fileEncoding = 4; lastKnownFileType = sourcecode.swift; path = SideViewController.swift; sourceTree = "<group>"; };
		5A6328111D5B7677003D9386 /* SideMenuViewController.swift */ = {isa = PBXFileReference; fileEncoding = 4; lastKnownFileType = sourcecode.swift; path = SideMenuViewController.swift; sourceTree = "<group>"; };
		5A6328121D5B7677003D9386 /* MainNavigationController.swift */ = {isa = PBXFileReference; fileEncoding = 4; lastKnownFileType = sourcecode.swift; path = MainNavigationController.swift; sourceTree = "<group>"; };
		5A6328171D5B76F6003D9386 /* NotImplementedYetController.swift */ = {isa = PBXFileReference; fileEncoding = 4; lastKnownFileType = sourcecode.swift; path = NotImplementedYetController.swift; sourceTree = "<group>"; };
		5A63281A1D5B7756003D9386 /* SelectSeatingViewController.swift */ = {isa = PBXFileReference; fileEncoding = 4; lastKnownFileType = sourcecode.swift; path = SelectSeatingViewController.swift; sourceTree = "<group>"; };
		5A63281C1D5B77FD003D9386 /* Main.storyboard */ = {isa = PBXFileReference; fileEncoding = 4; lastKnownFileType = file.storyboard; path = Main.storyboard; sourceTree = "<group>"; };
/* End PBXFileReference section */

/* Begin PBXFrameworksBuildPhase section */
		5A6327BA1D5B723E003D9386 /* Frameworks */ = {
			isa = PBXFrameworksBuildPhase;
			buildActionMask = 2147483647;
			files = (
				2D4E22B405C74921F5BAA635 /* Pods_reKLineMe.framework in Frameworks */,
			);
			runOnlyForDeploymentPostprocessing = 0;
		};
		5A6327CE1D5B723E003D9386 /* Frameworks */ = {
			isa = PBXFrameworksBuildPhase;
			buildActionMask = 2147483647;
			files = (
			);
			runOnlyForDeploymentPostprocessing = 0;
		};
		5A6327D91D5B723E003D9386 /* Frameworks */ = {
			isa = PBXFrameworksBuildPhase;
			buildActionMask = 2147483647;
			files = (
			);
			runOnlyForDeploymentPostprocessing = 0;
		};
/* End PBXFrameworksBuildPhase section */

/* Begin PBXGroup section */
		057801D9D56C92A7A3ED8025 /* Pods */ = {
			isa = PBXGroup;
			children = (
				3B07EB09ADDCF208B785E380 /* Pods-reKLineMe.debug.xcconfig */,
				3CF2102DC440DCFAACAE026F /* Pods-reKLineMe.release.xcconfig */,
			);
			name = Pods;
			sourceTree = "<group>";
		};
		5A6327B41D5B723E003D9386 = {
			isa = PBXGroup;
			children = (
				5A6327BF1D5B723E003D9386 /* reKLineMe */,
				5A6327D41D5B723E003D9386 /* reKLineMeTests */,
				5A6327DF1D5B723E003D9386 /* reKLineMeUITests */,
				5A6327BE1D5B723E003D9386 /* Products */,
				057801D9D56C92A7A3ED8025 /* Pods */,
				82D96D400B250190FE4EC3CB /* Frameworks */,
			);
			sourceTree = "<group>";
		};
		5A6327BE1D5B723E003D9386 /* Products */ = {
			isa = PBXGroup;
			children = (
				5A6327BD1D5B723E003D9386 /* reKLineMe.app */,
				5A6327D11D5B723E003D9386 /* reKLineMeTests.xctest */,
				5A6327DC1D5B723E003D9386 /* reKLineMeUITests.xctest */,
			);
			name = Products;
			sourceTree = "<group>";
		};
		5A6327BF1D5B723E003D9386 /* reKLineMe */ = {
			isa = PBXGroup;
			children = (
				5A63280E1D5B7668003D9386 /* Tabs */,
				5A63280D1D5B765F003D9386 /* SideNav */,
				5A6327F81D5B7580003D9386 /* Extensions */,
				5A6327F01D5B744E003D9386 /* WelcomeTour */,
				5A6327C01D5B723E003D9386 /* AppDelegate.swift */,
				5A6327C71D5B723E003D9386 /* Assets.xcassets */,
				5A6327C91D5B723E003D9386 /* LaunchScreen.storyboard */,
				5A63281C1D5B77FD003D9386 /* Main.storyboard */,
				5A6327CC1D5B723E003D9386 /* Info.plist */,
				5A6327EE1D5B73CE003D9386 /* ZSeatSelector.swift */,
				5A6327F51D5B7500003D9386 /* AppDefaults.swift */,
				5A6327F71D5B7533003D9386 /* bridgingHeader.h */,
			);
			path = reKLineMe;
			sourceTree = "<group>";
		};
		5A6327D41D5B723E003D9386 /* reKLineMeTests */ = {
			isa = PBXGroup;
			children = (
				5A6327D51D5B723E003D9386 /* reKLineMeTests.swift */,
				5A6327D71D5B723E003D9386 /* Info.plist */,
			);
			path = reKLineMeTests;
			sourceTree = "<group>";
		};
		5A6327DF1D5B723E003D9386 /* reKLineMeUITests */ = {
			isa = PBXGroup;
			children = (
				5A6327E01D5B723E003D9386 /* reKLineMeUITests.swift */,
				5A6327E21D5B723E003D9386 /* Info.plist */,
			);
			path = reKLineMeUITests;
			sourceTree = "<group>";
		};
		5A6327F01D5B744E003D9386 /* WelcomeTour */ = {
			isa = PBXGroup;
			children = (
				5A6327F11D5B7465003D9386 /* WelcomeTourPageViewController.swift */,
				5A6327F31D5B747A003D9386 /* WelcomeContentViewController.swift */,
			);
			name = WelcomeTour;
			sourceTree = "<group>";
		};
		5A6327F81D5B7580003D9386 /* Extensions */ = {
			isa = PBXGroup;
			children = (
				5A6327F91D5B7597003D9386 /* UIColor.swift */,
				5A6327FA1D5B7597003D9386 /* UIImageView.swift */,
				5A6327FB1D5B7597003D9386 /* JSON.swift */,
				5A6327FC1D5B7597003D9386 /* Int.swift */,
				5A6327FD1D5B7597003D9386 /* NSDate.swift */,
				5A6327FE1D5B7597003D9386 /* NSURL.swift */,
				5A6327FF1D5B7597003D9386 /* String.swift */,
				5A6328001D5B7597003D9386 /* UIDevice.swift */,
				5A6328011D5B7597003D9386 /* UIImage.swift */,
				5A6328021D5B7597003D9386 /* UIView.swift */,
			);
			name = Extensions;
			sourceTree = "<group>";
		};
		5A63280D1D5B765F003D9386 /* SideNav */ = {
			isa = PBXGroup;
			children = (
				5A63280F1D5B7677003D9386 /* LeftMenuController.swift */,
				5A6328101D5B7677003D9386 /* SideViewController.swift */,
				5A6328111D5B7677003D9386 /* SideMenuViewController.swift */,
				5A6328121D5B7677003D9386 /* MainNavigationController.swift */,
			);
			name = SideNav;
			sourceTree = "<group>";
		};
		5A63280E1D5B7668003D9386 /* Tabs */ = {
			isa = PBXGroup;
			children = (
				5A6328191D5B770C003D9386 /* seating */,
				5A6328171D5B76F6003D9386 /* NotImplementedYetController.swift */,
			);
			name = Tabs;
			sourceTree = "<group>";
		};
		5A6328191D5B770C003D9386 /* seating */ = {
			isa = PBXGroup;
			children = (
				5A63281A1D5B7756003D9386 /* SelectSeatingViewController.swift */,
			);
			name = seating;
			sourceTree = "<group>";
		};
		82D96D400B250190FE4EC3CB /* Frameworks */ = {
			isa = PBXGroup;
			children = (
				0459C6FE0A023AF9B3905048 /* Pods_reKLineMe.framework */,
			);
			name = Frameworks;
			sourceTree = "<group>";
		};
/* End PBXGroup section */

/* Begin PBXNativeTarget section */
		5A6327BC1D5B723E003D9386 /* reKLineMe */ = {
			isa = PBXNativeTarget;
			buildConfigurationList = 5A6327E51D5B723E003D9386 /* Build configuration list for PBXNativeTarget "reKLineMe" */;
			buildPhases = (
				65E567DD92BDCD79C250ACD7 /* [CP] Check Pods Manifest.lock */,
				5A6327B91D5B723E003D9386 /* Sources */,
				5A6327BA1D5B723E003D9386 /* Frameworks */,
				5A6327BB1D5B723E003D9386 /* Resources */,
				52D971C6EEBEB18936E742E0 /* [CP] Embed Pods Frameworks */,
				034E12912CD37FA76A1E1C00 /* [CP] Copy Pods Resources */,
			);
			buildRules = (
			);
			dependencies = (
			);
			name = reKLineMe;
			productName = reKLineMe;
			productReference = 5A6327BD1D5B723E003D9386 /* reKLineMe.app */;
			productType = "com.apple.product-type.application";
		};
		5A6327D01D5B723E003D9386 /* reKLineMeTests */ = {
			isa = PBXNativeTarget;
			buildConfigurationList = 5A6327E81D5B723E003D9386 /* Build configuration list for PBXNativeTarget "reKLineMeTests" */;
			buildPhases = (
				5A6327CD1D5B723E003D9386 /* Sources */,
				5A6327CE1D5B723E003D9386 /* Frameworks */,
				5A6327CF1D5B723E003D9386 /* Resources */,
			);
			buildRules = (
			);
			dependencies = (
				5A6327D31D5B723E003D9386 /* PBXTargetDependency */,
			);
			name = reKLineMeTests;
			productName = reKLineMeTests;
			productReference = 5A6327D11D5B723E003D9386 /* reKLineMeTests.xctest */;
			productType = "com.apple.product-type.bundle.unit-test";
		};
		5A6327DB1D5B723E003D9386 /* reKLineMeUITests */ = {
			isa = PBXNativeTarget;
			buildConfigurationList = 5A6327EB1D5B723E003D9386 /* Build configuration list for PBXNativeTarget "reKLineMeUITests" */;
			buildPhases = (
				5A6327D81D5B723E003D9386 /* Sources */,
				5A6327D91D5B723E003D9386 /* Frameworks */,
				5A6327DA1D5B723E003D9386 /* Resources */,
			);
			buildRules = (
			);
			dependencies = (
				5A6327DE1D5B723E003D9386 /* PBXTargetDependency */,
			);
			name = reKLineMeUITests;
			productName = reKLineMeUITests;
			productReference = 5A6327DC1D5B723E003D9386 /* reKLineMeUITests.xctest */;
			productType = "com.apple.product-type.bundle.ui-testing";
		};
/* End PBXNativeTarget section */

/* Begin PBXProject section */
		5A6327B51D5B723E003D9386 /* Project object */ = {
			isa = PBXProject;
			attributes = {
				LastSwiftUpdateCheck = 0730;
				LastUpgradeCheck = 0730;
				ORGANIZATIONNAME = "QUINTON WALL";
				TargetAttributes = {
					5A6327BC1D5B723E003D9386 = {
						CreatedOnToolsVersion = 7.3.1;
					};
					5A6327D01D5B723E003D9386 = {
						CreatedOnToolsVersion = 7.3.1;
						TestTargetID = 5A6327BC1D5B723E003D9386;
					};
					5A6327DB1D5B723E003D9386 = {
						CreatedOnToolsVersion = 7.3.1;
						TestTargetID = 5A6327BC1D5B723E003D9386;
					};
				};
			};
			buildConfigurationList = 5A6327B81D5B723E003D9386 /* Build configuration list for PBXProject "reKLineMe" */;
			compatibilityVersion = "Xcode 3.2";
			developmentRegion = English;
			hasScannedForEncodings = 0;
			knownRegions = (
				en,
				Base,
			);
			mainGroup = 5A6327B41D5B723E003D9386;
			productRefGroup = 5A6327BE1D5B723E003D9386 /* Products */;
			projectDirPath = "";
			projectRoot = "";
			targets = (
				5A6327BC1D5B723E003D9386 /* reKLineMe */,
				5A6327D01D5B723E003D9386 /* reKLineMeTests */,
				5A6327DB1D5B723E003D9386 /* reKLineMeUITests */,
			);
		};
/* End PBXProject section */

/* Begin PBXResourcesBuildPhase section */
		5A6327BB1D5B723E003D9386 /* Resources */ = {
			isa = PBXResourcesBuildPhase;
			buildActionMask = 2147483647;
			files = (
				5A63281D1D5B77FD003D9386 /* Main.storyboard in Resources */,
				5A6327CB1D5B723E003D9386 /* LaunchScreen.storyboard in Resources */,
				5A6327C81D5B723E003D9386 /* Assets.xcassets in Resources */,
			);
			runOnlyForDeploymentPostprocessing = 0;
		};
		5A6327CF1D5B723E003D9386 /* Resources */ = {
			isa = PBXResourcesBuildPhase;
			buildActionMask = 2147483647;
			files = (
			);
			runOnlyForDeploymentPostprocessing = 0;
		};
		5A6327DA1D5B723E003D9386 /* Resources */ = {
			isa = PBXResourcesBuildPhase;
			buildActionMask = 2147483647;
			files = (
			);
			runOnlyForDeploymentPostprocessing = 0;
		};
/* End PBXResourcesBuildPhase section */

/* Begin PBXShellScriptBuildPhase section */
		034E12912CD37FA76A1E1C00 /* [CP] Copy Pods Resources */ = {
			isa = PBXShellScriptBuildPhase;
			buildActionMask = 2147483647;
			files = (
			);
			inputPaths = (
			);
			name = "[CP] Copy Pods Resources";
			outputPaths = (
			);
			runOnlyForDeploymentPostprocessing = 0;
			shellPath = /bin/sh;
			shellScript = "\"${SRCROOT}/Pods/Target Support Files/Pods-reKLineMe/Pods-reKLineMe-resources.sh\"\n";
			showEnvVarsInLog = 0;
		};
		52D971C6EEBEB18936E742E0 /* [CP] Embed Pods Frameworks */ = {
			isa = PBXShellScriptBuildPhase;
			buildActionMask = 2147483647;
			files = (
			);
			inputPaths = (
			);
			name = "[CP] Embed Pods Frameworks";
			outputPaths = (
			);
			runOnlyForDeploymentPostprocessing = 0;
			shellPath = /bin/sh;
			shellScript = "\"${SRCROOT}/Pods/Target Support Files/Pods-reKLineMe/Pods-reKLineMe-frameworks.sh\"\n";
			showEnvVarsInLog = 0;
		};
		65E567DD92BDCD79C250ACD7 /* [CP] Check Pods Manifest.lock */ = {
			isa = PBXShellScriptBuildPhase;
			buildActionMask = 2147483647;
			files = (
			);
			inputPaths = (
			);
			name = "[CP] Check Pods Manifest.lock";
			outputPaths = (
			);
			runOnlyForDeploymentPostprocessing = 0;
			shellPath = /bin/sh;
			shellScript = "diff \"${PODS_ROOT}/../Podfile.lock\" \"${PODS_ROOT}/Manifest.lock\" > /dev/null\nif [[ $? != 0 ]] ; then\n    cat << EOM\nerror: The sandbox is not in sync with the Podfile.lock. Run 'pod install' or update your CocoaPods installation.\nEOM\n    exit 1\nfi\n";
			showEnvVarsInLog = 0;
		};
/* End PBXShellScriptBuildPhase section */

/* Begin PBXSourcesBuildPhase section */
		5A6327B91D5B723E003D9386 /* Sources */ = {
			isa = PBXSourcesBuildPhase;
			buildActionMask = 2147483647;
			files = (
				5A63280C1D5B7597003D9386 /* UIView.swift in Sources */,
				5A6328071D5B7597003D9386 /* NSDate.swift in Sources */,
				5A6328091D5B7597003D9386 /* String.swift in Sources */,
				5A6328041D5B7597003D9386 /* UIImageView.swift in Sources */,
				5A6327F21D5B7465003D9386 /* WelcomeTourPageViewController.swift in Sources */,
				5A6328031D5B7597003D9386 /* UIColor.swift in Sources */,
				5A6328051D5B7597003D9386 /* JSON.swift in Sources */,
				5A6328131D5B7677003D9386 /* LeftMenuController.swift in Sources */,
				5A63281B1D5B7756003D9386 /* SelectSeatingViewController.swift in Sources */,
				5A63280B1D5B7597003D9386 /* UIImage.swift in Sources */,
				5A6328161D5B7677003D9386 /* MainNavigationController.swift in Sources */,
				5A6328081D5B7597003D9386 /* NSURL.swift in Sources */,
				5A6328141D5B7677003D9386 /* SideViewController.swift in Sources */,
				5A6328181D5B76F6003D9386 /* NotImplementedYetController.swift in Sources */,
				5A6327EF1D5B73CE003D9386 /* ZSeatSelector.swift in Sources */,
				5A6327C11D5B723E003D9386 /* AppDelegate.swift in Sources */,
				5A6328061D5B7597003D9386 /* Int.swift in Sources */,
				5A6327F41D5B747A003D9386 /* WelcomeContentViewController.swift in Sources */,
				5A6327F61D5B7500003D9386 /* AppDefaults.swift in Sources */,
				5A6328151D5B7677003D9386 /* SideMenuViewController.swift in Sources */,
				5A63280A1D5B7597003D9386 /* UIDevice.swift in Sources */,
			);
			runOnlyForDeploymentPostprocessing = 0;
		};
		5A6327CD1D5B723E003D9386 /* Sources */ = {
			isa = PBXSourcesBuildPhase;
			buildActionMask = 2147483647;
			files = (
				5A6327D61D5B723E003D9386 /* reKLineMeTests.swift in Sources */,
			);
			runOnlyForDeploymentPostprocessing = 0;
		};
		5A6327D81D5B723E003D9386 /* Sources */ = {
			isa = PBXSourcesBuildPhase;
			buildActionMask = 2147483647;
			files = (
				5A6327E11D5B723E003D9386 /* reKLineMeUITests.swift in Sources */,
			);
			runOnlyForDeploymentPostprocessing = 0;
		};
/* End PBXSourcesBuildPhase section */

/* Begin PBXTargetDependency section */
		5A6327D31D5B723E003D9386 /* PBXTargetDependency */ = {
			isa = PBXTargetDependency;
			target = 5A6327BC1D5B723E003D9386 /* reKLineMe */;
			targetProxy = 5A6327D21D5B723E003D9386 /* PBXContainerItemProxy */;
		};
		5A6327DE1D5B723E003D9386 /* PBXTargetDependency */ = {
			isa = PBXTargetDependency;
			target = 5A6327BC1D5B723E003D9386 /* reKLineMe */;
			targetProxy = 5A6327DD1D5B723E003D9386 /* PBXContainerItemProxy */;
		};
/* End PBXTargetDependency section */

/* Begin PBXVariantGroup section */
		5A6327C91D5B723E003D9386 /* LaunchScreen.storyboard */ = {
			isa = PBXVariantGroup;
			children = (
				5A6327CA1D5B723E003D9386 /* Base */,
			);
			name = LaunchScreen.storyboard;
			sourceTree = "<group>";
		};
/* End PBXVariantGroup section */

/* Begin XCBuildConfiguration section */
		5A6327E31D5B723E003D9386 /* Debug */ = {
			isa = XCBuildConfiguration;
			buildSettings = {
				ALWAYS_SEARCH_USER_PATHS = NO;
				CLANG_ANALYZER_NONNULL = YES;
				CLANG_CXX_LANGUAGE_STANDARD = "gnu++0x";
				CLANG_CXX_LIBRARY = "libc++";
				CLANG_ENABLE_MODULES = YES;
				CLANG_ENABLE_OBJC_ARC = YES;
				CLANG_WARN_BOOL_CONVERSION = YES;
				CLANG_WARN_CONSTANT_CONVERSION = YES;
				CLANG_WARN_DIRECT_OBJC_ISA_USAGE = YES_ERROR;
				CLANG_WARN_EMPTY_BODY = YES;
				CLANG_WARN_ENUM_CONVERSION = YES;
				CLANG_WARN_INT_CONVERSION = YES;
				CLANG_WARN_OBJC_ROOT_CLASS = YES_ERROR;
				CLANG_WARN_UNREACHABLE_CODE = YES;
				CLANG_WARN__DUPLICATE_METHOD_MATCH = YES;
				"CODE_SIGN_IDENTITY[sdk=iphoneos*]" = "iPhone Developer";
				COPY_PHASE_STRIP = NO;
				DEBUG_INFORMATION_FORMAT = dwarf;
				ENABLE_BITCODE = NO;
				ENABLE_STRICT_OBJC_MSGSEND = YES;
				ENABLE_TESTABILITY = YES;
				GCC_C_LANGUAGE_STANDARD = gnu99;
				GCC_DYNAMIC_NO_PIC = NO;
				GCC_NO_COMMON_BLOCKS = YES;
				GCC_OPTIMIZATION_LEVEL = 0;
				GCC_PREPROCESSOR_DEFINITIONS = (
					"DEBUG=1",
					"$(inherited)",
				);
				GCC_WARN_64_TO_32_BIT_CONVERSION = YES;
				GCC_WARN_ABOUT_RETURN_TYPE = YES_ERROR;
				GCC_WARN_UNDECLARED_SELECTOR = YES;
				GCC_WARN_UNINITIALIZED_AUTOS = YES_AGGRESSIVE;
				GCC_WARN_UNUSED_FUNCTION = YES;
				GCC_WARN_UNUSED_VARIABLE = YES;
				IPHONEOS_DEPLOYMENT_TARGET = 9.3;
				MTL_ENABLE_DEBUG_INFO = YES;
				ONLY_ACTIVE_ARCH = YES;
				SDKROOT = iphoneos;
				SWIFT_OBJC_BRIDGING_HEADER = reKLineMe/bridgingHeader.h;
				SWIFT_OPTIMIZATION_LEVEL = "-Onone";
			};
			name = Debug;
		};
		5A6327E41D5B723E003D9386 /* Release */ = {
			isa = XCBuildConfiguration;
			buildSettings = {
				ALWAYS_SEARCH_USER_PATHS = NO;
				CLANG_ANALYZER_NONNULL = YES;
				CLANG_CXX_LANGUAGE_STANDARD = "gnu++0x";
				CLANG_CXX_LIBRARY = "libc++";
				CLANG_ENABLE_MODULES = YES;
				CLANG_ENABLE_OBJC_ARC = YES;
				CLANG_WARN_BOOL_CONVERSION = YES;
				CLANG_WARN_CONSTANT_CONVERSION = YES;
				CLANG_WARN_DIRECT_OBJC_ISA_USAGE = YES_ERROR;
				CLANG_WARN_EMPTY_BODY = YES;
				CLANG_WARN_ENUM_CONVERSION = YES;
				CLANG_WARN_INT_CONVERSION = YES;
				CLANG_WARN_OBJC_ROOT_CLASS = YES_ERROR;
				CLANG_WARN_UNREACHABLE_CODE = YES;
				CLANG_WARN__DUPLICATE_METHOD_MATCH = YES;
				"CODE_SIGN_IDENTITY[sdk=iphoneos*]" = "iPhone Developer";
				COPY_PHASE_STRIP = NO;
				DEBUG_INFORMATION_FORMAT = "dwarf-with-dsym";
				ENABLE_BITCODE = NO;
				ENABLE_NS_ASSERTIONS = NO;
				ENABLE_STRICT_OBJC_MSGSEND = YES;
				GCC_C_LANGUAGE_STANDARD = gnu99;
				GCC_NO_COMMON_BLOCKS = YES;
				GCC_WARN_64_TO_32_BIT_CONVERSION = YES;
				GCC_WARN_ABOUT_RETURN_TYPE = YES_ERROR;
				GCC_WARN_UNDECLARED_SELECTOR = YES;
				GCC_WARN_UNINITIALIZED_AUTOS = YES_AGGRESSIVE;
				GCC_WARN_UNUSED_FUNCTION = YES;
				GCC_WARN_UNUSED_VARIABLE = YES;
				IPHONEOS_DEPLOYMENT_TARGET = 9.3;
				MTL_ENABLE_DEBUG_INFO = NO;
				SDKROOT = iphoneos;
				SWIFT_OBJC_BRIDGING_HEADER = reKLineMe/bridgingHeader.h;
				VALIDATE_PRODUCT = YES;
			};
			name = Release;
		};
		5A6327E61D5B723E003D9386 /* Debug */ = {
			isa = XCBuildConfiguration;
			baseConfigurationReference = 3B07EB09ADDCF208B785E380 /* Pods-reKLineMe.debug.xcconfig */;
			buildSettings = {
				ASSETCATALOG_COMPILER_APPICON_NAME = AppIcon;
				INFOPLIST_FILE = reKLineMe/Info.plist;
				LD_RUNPATH_SEARCH_PATHS = "$(inherited) @executable_path/Frameworks";
				PRODUCT_BUNDLE_IDENTIFIER = com.gypsycode.reKLineMe;
				PRODUCT_NAME = "$(TARGET_NAME)";
			};
			name = Debug;
		};
		5A6327E71D5B723E003D9386 /* Release */ = {
			isa = XCBuildConfiguration;
			baseConfigurationReference = 3CF2102DC440DCFAACAE026F /* Pods-reKLineMe.release.xcconfig */;
			buildSettings = {
				ASSETCATALOG_COMPILER_APPICON_NAME = AppIcon;
				INFOPLIST_FILE = reKLineMe/Info.plist;
				LD_RUNPATH_SEARCH_PATHS = "$(inherited) @executable_path/Frameworks";
				PRODUCT_BUNDLE_IDENTIFIER = com.gypsycode.reKLineMe;
				PRODUCT_NAME = "$(TARGET_NAME)";
			};
			name = Release;
		};
		5A6327E91D5B723E003D9386 /* Debug */ = {
			isa = XCBuildConfiguration;
			buildSettings = {
				BUNDLE_LOADER = "$(TEST_HOST)";
				INFOPLIST_FILE = reKLineMeTests/Info.plist;
				LD_RUNPATH_SEARCH_PATHS = "$(inherited) @executable_path/Frameworks @loader_path/Frameworks";
				PRODUCT_BUNDLE_IDENTIFIER = com.gypsycode.reKLineMeTests;
				PRODUCT_NAME = "$(TARGET_NAME)";
				TEST_HOST = "$(BUILT_PRODUCTS_DIR)/reKLineMe.app/reKLineMe";
			};
			name = Debug;
		};
		5A6327EA1D5B723E003D9386 /* Release */ = {
			isa = XCBuildConfiguration;
			buildSettings = {
				BUNDLE_LOADER = "$(TEST_HOST)";
				INFOPLIST_FILE = reKLineMeTests/Info.plist;
				LD_RUNPATH_SEARCH_PATHS = "$(inherited) @executable_path/Frameworks @loader_path/Frameworks";
				PRODUCT_BUNDLE_IDENTIFIER = com.gypsycode.reKLineMeTests;
				PRODUCT_NAME = "$(TARGET_NAME)";
				TEST_HOST = "$(BUILT_PRODUCTS_DIR)/reKLineMe.app/reKLineMe";
			};
			name = Release;
		};
		5A6327EC1D5B723E003D9386 /* Debug */ = {
			isa = XCBuildConfiguration;
			buildSettings = {
				INFOPLIST_FILE = reKLineMeUITests/Info.plist;
				LD_RUNPATH_SEARCH_PATHS = "$(inherited) @executable_path/Frameworks @loader_path/Frameworks";
				PRODUCT_BUNDLE_IDENTIFIER = com.gypsycode.reKLineMeUITests;
				PRODUCT_NAME = "$(TARGET_NAME)";
				TEST_TARGET_NAME = reKLineMe;
			};
			name = Debug;
		};
		5A6327ED1D5B723E003D9386 /* Release */ = {
			isa = XCBuildConfiguration;
			buildSettings = {
				INFOPLIST_FILE = reKLineMeUITests/Info.plist;
				LD_RUNPATH_SEARCH_PATHS = "$(inherited) @executable_path/Frameworks @loader_path/Frameworks";
				PRODUCT_BUNDLE_IDENTIFIER = com.gypsycode.reKLineMeUITests;
				PRODUCT_NAME = "$(TARGET_NAME)";
				TEST_TARGET_NAME = reKLineMe;
			};
			name = Release;
		};
/* End XCBuildConfiguration section */

/* Begin XCConfigurationList section */
		5A6327B81D5B723E003D9386 /* Build configuration list for PBXProject "reKLineMe" */ = {
			isa = XCConfigurationList;
			buildConfigurations = (
				5A6327E31D5B723E003D9386 /* Debug */,
				5A6327E41D5B723E003D9386 /* Release */,
			);
			defaultConfigurationIsVisible = 0;
			defaultConfigurationName = Release;
		};
		5A6327E51D5B723E003D9386 /* Build configuration list for PBXNativeTarget "reKLineMe" */ = {
			isa = XCConfigurationList;
			buildConfigurations = (
				5A6327E61D5B723E003D9386 /* Debug */,
				5A6327E71D5B723E003D9386 /* Release */,
			);
			defaultConfigurationIsVisible = 0;
			defaultConfigurationName = Release;
		};
		5A6327E81D5B723E003D9386 /* Build configuration list for PBXNativeTarget "reKLineMeTests" */ = {
			isa = XCConfigurationList;
			buildConfigurations = (
				5A6327E91D5B723E003D9386 /* Debug */,
				5A6327EA1D5B723E003D9386 /* Release */,
			);
			defaultConfigurationIsVisible = 0;
			defaultConfigurationName = Release;
		};
		5A6327EB1D5B723E003D9386 /* Build configuration list for PBXNativeTarget "reKLineMeUITests" */ = {
			isa = XCConfigurationList;
			buildConfigurations = (
				5A6327EC1D5B723E003D9386 /* Debug */,
				5A6327ED1D5B723E003D9386 /* Release */,
			);
			defaultConfigurationIsVisible = 0;
			defaultConfigurationName = Release;
		};
/* End XCConfigurationList section */
	};
	rootObject = 5A6327B51D5B723E003D9386 /* Project object */;
}
